// !$*UTF8*$!
{
	archiveVersion = 1;
	classes = {
	};
	objectVersion = 46;
	objects = {

/* Begin PBXBuildFile section */
		841B61411C36ECFD00BE6740 /* Framebuffer.swift in Sources */ = {isa = PBXBuildFile; fileRef = 841B61401C36ECFD00BE6740 /* Framebuffer.swift */; };
		841B615B1C397EA700BE6740 /* Renderbuffer.swift in Sources */ = {isa = PBXBuildFile; fileRef = 841B615A1C397EA700BE6740 /* Renderbuffer.swift */; };
		841B615D1C39802100BE6740 /* Bindable.swift in Sources */ = {isa = PBXBuildFile; fileRef = 841B615C1C39802100BE6740 /* Bindable.swift */; };
		84351E611C3F6F890078D5CF /* Grift.framework in CopyFiles */ = {isa = PBXBuildFile; fileRef = 847661381C36082D00696B04 /* Grift.framework */; settings = {ATTRIBUTES = (CodeSignOnCopy, RemoveHeadersOnCopy, ); }; };
		8476613C1C36082D00696B04 /* Grift.h in Headers */ = {isa = PBXBuildFile; fileRef = 8476613B1C36082D00696B04 /* Grift.h */; settings = {ATTRIBUTES = (Public, ); }; };
		847661431C36082D00696B04 /* Grift.framework in Frameworks */ = {isa = PBXBuildFile; fileRef = 847661381C36082D00696B04 /* Grift.framework */; };
		847661481C36082D00696B04 /* GriftTests.swift in Sources */ = {isa = PBXBuildFile; fileRef = 847661471C36082D00696B04 /* GriftTests.swift */; };
		847661561C36084A00696B04 /* Buffer.swift in Sources */ = {isa = PBXBuildFile; fileRef = 847661521C36084A00696B04 /* Buffer.swift */; };
		847661571C36084A00696B04 /* Program.swift in Sources */ = {isa = PBXBuildFile; fileRef = 847661531C36084A00696B04 /* Program.swift */; };
		847661581C36084A00696B04 /* Shader.swift in Sources */ = {isa = PBXBuildFile; fileRef = 847661541C36084A00696B04 /* Shader.swift */; };
		847661591C36084A00696B04 /* Texture.swift in Sources */ = {isa = PBXBuildFile; fileRef = 847661551C36084A00696B04 /* Texture.swift */; };
		847661611C3609D800696B04 /* AppDelegate.swift in Sources */ = {isa = PBXBuildFile; fileRef = 847661601C3609D800696B04 /* AppDelegate.swift */; };
		847661631C3609D800696B04 /* ViewController.swift in Sources */ = {isa = PBXBuildFile; fileRef = 847661621C3609D800696B04 /* ViewController.swift */; };
		847661661C3609D800696B04 /* Main.storyboard in Resources */ = {isa = PBXBuildFile; fileRef = 847661641C3609D800696B04 /* Main.storyboard */; };
		847661681C3609D800696B04 /* Assets.xcassets in Resources */ = {isa = PBXBuildFile; fileRef = 847661671C3609D800696B04 /* Assets.xcassets */; };
		8476616B1C3609D800696B04 /* LaunchScreen.storyboard in Resources */ = {isa = PBXBuildFile; fileRef = 847661691C3609D800696B04 /* LaunchScreen.storyboard */; };
		84926D531C3D4E5200A57E47 /* View.swift in Sources */ = {isa = PBXBuildFile; fileRef = 84926D521C3D4E5200A57E47 /* View.swift */; };
		84926D551C3D4FF300A57E47 /* David.png in Resources */ = {isa = PBXBuildFile; fileRef = 84926D541C3D4FF300A57E47 /* David.png */; };
		84A0D3041C360E69000B0B9E /* Grift.framework in Frameworks */ = {isa = PBXBuildFile; fileRef = 847661381C36082D00696B04 /* Grift.framework */; };
/* End PBXBuildFile section */

/* Begin PBXContainerItemProxy section */
		847661441C36082D00696B04 /* PBXContainerItemProxy */ = {
			isa = PBXContainerItemProxy;
			containerPortal = 8476612F1C36082D00696B04 /* Project object */;
			proxyType = 1;
			remoteGlobalIDString = 847661371C36082D00696B04;
			remoteInfo = Grift;
		};
		8476617F1C360A0D00696B04 /* PBXContainerItemProxy */ = {
			isa = PBXContainerItemProxy;
			containerPortal = 8476612F1C36082D00696B04 /* Project object */;
			proxyType = 1;
			remoteGlobalIDString = 8476615D1C3609D800696B04;
			remoteInfo = Filch;
		};
		84A0D3021C360E62000B0B9E /* PBXContainerItemProxy */ = {
			isa = PBXContainerItemProxy;
			containerPortal = 8476612F1C36082D00696B04 /* Project object */;
			proxyType = 1;
			remoteGlobalIDString = 847661371C36082D00696B04;
			remoteInfo = Grift;
		};
/* End PBXContainerItemProxy section */

/* Begin PBXCopyFilesBuildPhase section */
		84351E601C3F6F7F0078D5CF /* CopyFiles */ = {
			isa = PBXCopyFilesBuildPhase;
			buildActionMask = 2147483647;
			dstPath = "";
			dstSubfolderSpec = 10;
			files = (
				84351E611C3F6F890078D5CF /* Grift.framework in CopyFiles */,
			);
			runOnlyForDeploymentPostprocessing = 0;
		};
/* End PBXCopyFilesBuildPhase section */

/* Begin PBXFileReference section */
		841B61401C36ECFD00BE6740 /* Framebuffer.swift */ = {isa = PBXFileReference; fileEncoding = 4; lastKnownFileType = sourcecode.swift; path = Framebuffer.swift; sourceTree = "<group>"; };
		841B615A1C397EA700BE6740 /* Renderbuffer.swift */ = {isa = PBXFileReference; fileEncoding = 4; lastKnownFileType = sourcecode.swift; path = Renderbuffer.swift; sourceTree = "<group>"; };
		841B615C1C39802100BE6740 /* Bindable.swift */ = {isa = PBXFileReference; fileEncoding = 4; lastKnownFileType = sourcecode.swift; path = Bindable.swift; sourceTree = "<group>"; };
		847661381C36082D00696B04 /* Grift.framework */ = {isa = PBXFileReference; explicitFileType = wrapper.framework; includeInIndex = 0; path = Grift.framework; sourceTree = BUILT_PRODUCTS_DIR; };
		8476613B1C36082D00696B04 /* Grift.h */ = {isa = PBXFileReference; lastKnownFileType = sourcecode.c.h; path = Grift.h; sourceTree = "<group>"; };
		8476613D1C36082D00696B04 /* Info.plist */ = {isa = PBXFileReference; lastKnownFileType = text.plist.xml; path = Info.plist; sourceTree = "<group>"; };
		847661421C36082D00696B04 /* GriftTests.xctest */ = {isa = PBXFileReference; explicitFileType = wrapper.cfbundle; includeInIndex = 0; path = GriftTests.xctest; sourceTree = BUILT_PRODUCTS_DIR; };
		847661471C36082D00696B04 /* GriftTests.swift */ = {isa = PBXFileReference; lastKnownFileType = sourcecode.swift; path = GriftTests.swift; sourceTree = "<group>"; };
		847661491C36082D00696B04 /* Info.plist */ = {isa = PBXFileReference; lastKnownFileType = text.plist.xml; path = Info.plist; sourceTree = "<group>"; };
		847661521C36084A00696B04 /* Buffer.swift */ = {isa = PBXFileReference; fileEncoding = 4; lastKnownFileType = sourcecode.swift; path = Buffer.swift; sourceTree = "<group>"; };
		847661531C36084A00696B04 /* Program.swift */ = {isa = PBXFileReference; fileEncoding = 4; lastKnownFileType = sourcecode.swift; path = Program.swift; sourceTree = "<group>"; };
		847661541C36084A00696B04 /* Shader.swift */ = {isa = PBXFileReference; fileEncoding = 4; lastKnownFileType = sourcecode.swift; path = Shader.swift; sourceTree = "<group>"; };
		847661551C36084A00696B04 /* Texture.swift */ = {isa = PBXFileReference; fileEncoding = 4; lastKnownFileType = sourcecode.swift; path = Texture.swift; sourceTree = "<group>"; };
		8476615E1C3609D800696B04 /* Filch.app */ = {isa = PBXFileReference; explicitFileType = wrapper.application; includeInIndex = 0; path = Filch.app; sourceTree = BUILT_PRODUCTS_DIR; };
		847661601C3609D800696B04 /* AppDelegate.swift */ = {isa = PBXFileReference; lastKnownFileType = sourcecode.swift; path = AppDelegate.swift; sourceTree = "<group>"; };
		847661621C3609D800696B04 /* ViewController.swift */ = {isa = PBXFileReference; lastKnownFileType = sourcecode.swift; path = ViewController.swift; sourceTree = "<group>"; };
		847661651C3609D800696B04 /* Base */ = {isa = PBXFileReference; lastKnownFileType = file.storyboard; name = Base; path = Base.lproj/Main.storyboard; sourceTree = "<group>"; };
		847661671C3609D800696B04 /* Assets.xcassets */ = {isa = PBXFileReference; lastKnownFileType = folder.assetcatalog; path = Assets.xcassets; sourceTree = "<group>"; };
		8476616A1C3609D800696B04 /* Base */ = {isa = PBXFileReference; lastKnownFileType = file.storyboard; name = Base; path = Base.lproj/LaunchScreen.storyboard; sourceTree = "<group>"; };
		8476616C1C3609D800696B04 /* Info.plist */ = {isa = PBXFileReference; lastKnownFileType = text.plist.xml; path = Info.plist; sourceTree = "<group>"; };
		84926D521C3D4E5200A57E47 /* View.swift */ = {isa = PBXFileReference; fileEncoding = 4; lastKnownFileType = sourcecode.swift; path = View.swift; sourceTree = "<group>"; };
		84926D541C3D4FF300A57E47 /* David.png */ = {isa = PBXFileReference; lastKnownFileType = image.png; path = David.png; sourceTree = "<group>"; };
/* End PBXFileReference section */

/* Begin PBXFrameworksBuildPhase section */
		847661341C36082D00696B04 /* Frameworks */ = {
			isa = PBXFrameworksBuildPhase;
			buildActionMask = 2147483647;
			files = (
			);
			runOnlyForDeploymentPostprocessing = 0;
		};
		8476613F1C36082D00696B04 /* Frameworks */ = {
			isa = PBXFrameworksBuildPhase;
			buildActionMask = 2147483647;
			files = (
				847661431C36082D00696B04 /* Grift.framework in Frameworks */,
			);
			runOnlyForDeploymentPostprocessing = 0;
		};
		8476615B1C3609D800696B04 /* Frameworks */ = {
			isa = PBXFrameworksBuildPhase;
			buildActionMask = 2147483647;
			files = (
				84A0D3041C360E69000B0B9E /* Grift.framework in Frameworks */,
			);
			runOnlyForDeploymentPostprocessing = 0;
		};
/* End PBXFrameworksBuildPhase section */

/* Begin PBXGroup section */
		8476612E1C36082D00696B04 = {
			isa = PBXGroup;
			children = (
				8476613A1C36082D00696B04 /* Grift */,
				847661461C36082D00696B04 /* GriftTests */,
				8476615F1C3609D800696B04 /* Filch */,
				847661391C36082D00696B04 /* Products */,
			);
			sourceTree = "<group>";
		};
		847661391C36082D00696B04 /* Products */ = {
			isa = PBXGroup;
			children = (
				847661381C36082D00696B04 /* Grift.framework */,
				847661421C36082D00696B04 /* GriftTests.xctest */,
				8476615E1C3609D800696B04 /* Filch.app */,
			);
			name = Products;
			sourceTree = "<group>";
		};
		8476613A1C36082D00696B04 /* Grift */ = {
			isa = PBXGroup;
			children = (
				8476613B1C36082D00696B04 /* Grift.h */,
				8476613D1C36082D00696B04 /* Info.plist */,
				8476617E1C3609F500696B04 /* Sources */,
			);
			path = Grift;
			sourceTree = "<group>";
		};
		847661461C36082D00696B04 /* GriftTests */ = {
			isa = PBXGroup;
			children = (
				847661471C36082D00696B04 /* GriftTests.swift */,
				847661491C36082D00696B04 /* Info.plist */,
			);
			path = GriftTests;
			sourceTree = "<group>";
		};
		8476615F1C3609D800696B04 /* Filch */ = {
			isa = PBXGroup;
			children = (
				847661601C3609D800696B04 /* AppDelegate.swift */,
				847661621C3609D800696B04 /* ViewController.swift */,
				847661641C3609D800696B04 /* Main.storyboard */,
				847661671C3609D800696B04 /* Assets.xcassets */,
				847661691C3609D800696B04 /* LaunchScreen.storyboard */,
				8476616C1C3609D800696B04 /* Info.plist */,
				84926D521C3D4E5200A57E47 /* View.swift */,
				84926D541C3D4FF300A57E47 /* David.png */,
			);
			path = Filch;
			sourceTree = "<group>";
		};
		8476617E1C3609F500696B04 /* Sources */ = {
			isa = PBXGroup;
			children = (
				841B615C1C39802100BE6740 /* Bindable.swift */,
				847661521C36084A00696B04 /* Buffer.swift */,
				847661531C36084A00696B04 /* Program.swift */,
				847661541C36084A00696B04 /* Shader.swift */,
				847661551C36084A00696B04 /* Texture.swift */,
				841B61401C36ECFD00BE6740 /* Framebuffer.swift */,
				841B615A1C397EA700BE6740 /* Renderbuffer.swift */,
			);
			name = Sources;
			sourceTree = "<group>";
		};
/* End PBXGroup section */

/* Begin PBXHeadersBuildPhase section */
		847661351C36082D00696B04 /* Headers */ = {
			isa = PBXHeadersBuildPhase;
			buildActionMask = 2147483647;
			files = (
				8476613C1C36082D00696B04 /* Grift.h in Headers */,
			);
			runOnlyForDeploymentPostprocessing = 0;
		};
/* End PBXHeadersBuildPhase section */

/* Begin PBXNativeTarget section */
		847661371C36082D00696B04 /* Grift */ = {
			isa = PBXNativeTarget;
			buildConfigurationList = 8476614C1C36082D00696B04 /* Build configuration list for PBXNativeTarget "Grift" */;
			buildPhases = (
				847661331C36082D00696B04 /* Sources */,
				847661341C36082D00696B04 /* Frameworks */,
				847661351C36082D00696B04 /* Headers */,
				847661361C36082D00696B04 /* Resources */,
			);
			buildRules = (
			);
			dependencies = (
			);
			name = Grift;
			productName = Grift;
			productReference = 847661381C36082D00696B04 /* Grift.framework */;
			productType = "com.apple.product-type.framework";
		};
		847661411C36082D00696B04 /* GriftTests */ = {
			isa = PBXNativeTarget;
			buildConfigurationList = 8476614F1C36082D00696B04 /* Build configuration list for PBXNativeTarget "GriftTests" */;
			buildPhases = (
				8476613E1C36082D00696B04 /* Sources */,
				8476613F1C36082D00696B04 /* Frameworks */,
				847661401C36082D00696B04 /* Resources */,
			);
			buildRules = (
			);
			dependencies = (
				847661451C36082D00696B04 /* PBXTargetDependency */,
				847661801C360A0D00696B04 /* PBXTargetDependency */,
			);
			name = GriftTests;
			productName = GriftTests;
			productReference = 847661421C36082D00696B04 /* GriftTests.xctest */;
			productType = "com.apple.product-type.bundle.unit-test";
		};
		8476615D1C3609D800696B04 /* Filch */ = {
			isa = PBXNativeTarget;
			buildConfigurationList = 847661781C3609D800696B04 /* Build configuration list for PBXNativeTarget "Filch" */;
			buildPhases = (
				8476615A1C3609D800696B04 /* Sources */,
				8476615B1C3609D800696B04 /* Frameworks */,
				8476615C1C3609D800696B04 /* Resources */,
				84351E601C3F6F7F0078D5CF /* CopyFiles */,
			);
			buildRules = (
			);
			dependencies = (
				84A0D3031C360E62000B0B9E /* PBXTargetDependency */,
			);
			name = Filch;
			productName = Filch;
			productReference = 8476615E1C3609D800696B04 /* Filch.app */;
			productType = "com.apple.product-type.application";
		};
/* End PBXNativeTarget section */

/* Begin PBXProject section */
		8476612F1C36082D00696B04 /* Project object */ = {
			isa = PBXProject;
			attributes = {
				LastSwiftUpdateCheck = 0720;
				LastUpgradeCheck = 0720;
				ORGANIZATIONNAME = "Lichen Labs";
				TargetAttributes = {
					847661371C36082D00696B04 = {
						CreatedOnToolsVersion = 7.2;
					};
					847661411C36082D00696B04 = {
						CreatedOnToolsVersion = 7.2;
						TestTargetID = 8476615D1C3609D800696B04;
					};
					8476615D1C3609D800696B04 = {
						CreatedOnToolsVersion = 7.2;
					};
				};
			};
			buildConfigurationList = 847661321C36082D00696B04 /* Build configuration list for PBXProject "Grift" */;
			compatibilityVersion = "Xcode 3.2";
			developmentRegion = English;
			hasScannedForEncodings = 0;
			knownRegions = (
				en,
				Base,
			);
			mainGroup = 8476612E1C36082D00696B04;
			productRefGroup = 847661391C36082D00696B04 /* Products */;
			projectDirPath = "";
			projectRoot = "";
			targets = (
				847661371C36082D00696B04 /* Grift */,
				847661411C36082D00696B04 /* GriftTests */,
				8476615D1C3609D800696B04 /* Filch */,
			);
		};
/* End PBXProject section */

/* Begin PBXResourcesBuildPhase section */
		847661361C36082D00696B04 /* Resources */ = {
			isa = PBXResourcesBuildPhase;
			buildActionMask = 2147483647;
			files = (
			);
			runOnlyForDeploymentPostprocessing = 0;
		};
		847661401C36082D00696B04 /* Resources */ = {
			isa = PBXResourcesBuildPhase;
			buildActionMask = 2147483647;
			files = (
			);
			runOnlyForDeploymentPostprocessing = 0;
		};
		8476615C1C3609D800696B04 /* Resources */ = {
			isa = PBXResourcesBuildPhase;
			buildActionMask = 2147483647;
			files = (
				84926D551C3D4FF300A57E47 /* David.png in Resources */,
				8476616B1C3609D800696B04 /* LaunchScreen.storyboard in Resources */,
				847661681C3609D800696B04 /* Assets.xcassets in Resources */,
				847661661C3609D800696B04 /* Main.storyboard in Resources */,
			);
			runOnlyForDeploymentPostprocessing = 0;
		};
/* End PBXResourcesBuildPhase section */

/* Begin PBXSourcesBuildPhase section */
		847661331C36082D00696B04 /* Sources */ = {
			isa = PBXSourcesBuildPhase;
			buildActionMask = 2147483647;
			files = (
				847661571C36084A00696B04 /* Program.swift in Sources */,
				841B615D1C39802100BE6740 /* Bindable.swift in Sources */,
				841B615B1C397EA700BE6740 /* Renderbuffer.swift in Sources */,
				847661591C36084A00696B04 /* Texture.swift in Sources */,
				847661561C36084A00696B04 /* Buffer.swift in Sources */,
				847661581C36084A00696B04 /* Shader.swift in Sources */,
				841B61411C36ECFD00BE6740 /* Framebuffer.swift in Sources */,
			);
			runOnlyForDeploymentPostprocessing = 0;
		};
		8476613E1C36082D00696B04 /* Sources */ = {
			isa = PBXSourcesBuildPhase;
			buildActionMask = 2147483647;
			files = (
				847661481C36082D00696B04 /* GriftTests.swift in Sources */,
			);
			runOnlyForDeploymentPostprocessing = 0;
		};
		8476615A1C3609D800696B04 /* Sources */ = {
			isa = PBXSourcesBuildPhase;
			buildActionMask = 2147483647;
			files = (
				847661631C3609D800696B04 /* ViewController.swift in Sources */,
				847661611C3609D800696B04 /* AppDelegate.swift in Sources */,
				84926D531C3D4E5200A57E47 /* View.swift in Sources */,
			);
			runOnlyForDeploymentPostprocessing = 0;
		};
/* End PBXSourcesBuildPhase section */

/* Begin PBXTargetDependency section */
		847661451C36082D00696B04 /* PBXTargetDependency */ = {
			isa = PBXTargetDependency;
			target = 847661371C36082D00696B04 /* Grift */;
			targetProxy = 847661441C36082D00696B04 /* PBXContainerItemProxy */;
		};
		847661801C360A0D00696B04 /* PBXTargetDependency */ = {
			isa = PBXTargetDependency;
			target = 8476615D1C3609D800696B04 /* Filch */;
			targetProxy = 8476617F1C360A0D00696B04 /* PBXContainerItemProxy */;
		};
		84A0D3031C360E62000B0B9E /* PBXTargetDependency */ = {
			isa = PBXTargetDependency;
			target = 847661371C36082D00696B04 /* Grift */;
			targetProxy = 84A0D3021C360E62000B0B9E /* PBXContainerItemProxy */;
		};
/* End PBXTargetDependency section */

/* Begin PBXVariantGroup section */
		847661641C3609D800696B04 /* Main.storyboard */ = {
			isa = PBXVariantGroup;
			children = (
				847661651C3609D800696B04 /* Base */,
			);
			name = Main.storyboard;
			sourceTree = "<group>";
		};
		847661691C3609D800696B04 /* LaunchScreen.storyboard */ = {
			isa = PBXVariantGroup;
			children = (
				8476616A1C3609D800696B04 /* Base */,
			);
			name = LaunchScreen.storyboard;
			sourceTree = "<group>";
		};
/* End PBXVariantGroup section */

/* Begin XCBuildConfiguration section */
		8476614A1C36082D00696B04 /* Debug */ = {
			isa = XCBuildConfiguration;
			buildSettings = {
				ALWAYS_SEARCH_USER_PATHS = NO;
				CLANG_CXX_LANGUAGE_STANDARD = "gnu++0x";
				CLANG_CXX_LIBRARY = "libc++";
				CLANG_ENABLE_MODULES = YES;
				CLANG_ENABLE_OBJC_ARC = YES;
				CLANG_WARN_BOOL_CONVERSION = YES;
				CLANG_WARN_CONSTANT_CONVERSION = YES;
				CLANG_WARN_DIRECT_OBJC_ISA_USAGE = YES_ERROR;
				CLANG_WARN_EMPTY_BODY = YES;
				CLANG_WARN_ENUM_CONVERSION = YES;
				CLANG_WARN_INT_CONVERSION = YES;
				CLANG_WARN_OBJC_ROOT_CLASS = YES_ERROR;
				CLANG_WARN_UNREACHABLE_CODE = YES;
				CLANG_WARN__DUPLICATE_METHOD_MATCH = YES;
				"CODE_SIGN_IDENTITY[sdk=iphoneos*]" = "iPhone Developer";
				COPY_PHASE_STRIP = NO;
				CURRENT_PROJECT_VERSION = 1;
				DEBUG_INFORMATION_FORMAT = dwarf;
				ENABLE_STRICT_OBJC_MSGSEND = YES;
				ENABLE_TESTABILITY = YES;
				GCC_C_LANGUAGE_STANDARD = gnu99;
				GCC_DYNAMIC_NO_PIC = NO;
				GCC_NO_COMMON_BLOCKS = YES;
				GCC_OPTIMIZATION_LEVEL = 0;
				GCC_PREPROCESSOR_DEFINITIONS = (
					"DEBUG=1",
					"$(inherited)",
				);
				GCC_WARN_64_TO_32_BIT_CONVERSION = YES;
				GCC_WARN_ABOUT_RETURN_TYPE = YES_ERROR;
				GCC_WARN_UNDECLARED_SELECTOR = YES;
				GCC_WARN_UNINITIALIZED_AUTOS = YES_AGGRESSIVE;
				GCC_WARN_UNUSED_FUNCTION = YES;
				GCC_WARN_UNUSED_VARIABLE = YES;
				IPHONEOS_DEPLOYMENT_TARGET = 8.0;
				MTL_ENABLE_DEBUG_INFO = YES;
				ONLY_ACTIVE_ARCH = YES;
				SDKROOT = iphoneos;
				SWIFT_OPTIMIZATION_LEVEL = "-Onone";
				TARGETED_DEVICE_FAMILY = "1,2";
				VERSIONING_SYSTEM = "apple-generic";
				VERSION_INFO_PREFIX = "";
			};
			name = Debug;
		};
		8476614B1C36082D00696B04 /* Release */ = {
			isa = XCBuildConfiguration;
			buildSettings = {
				ALWAYS_SEARCH_USER_PATHS = NO;
				CLANG_CXX_LANGUAGE_STANDARD = "gnu++0x";
				CLANG_CXX_LIBRARY = "libc++";
				CLANG_ENABLE_MODULES = YES;
				CLANG_ENABLE_OBJC_ARC = YES;
				CLANG_WARN_BOOL_CONVERSION = YES;
				CLANG_WARN_CONSTANT_CONVERSION = YES;
				CLANG_WARN_DIRECT_OBJC_ISA_USAGE = YES_ERROR;
				CLANG_WARN_EMPTY_BODY = YES;
				CLANG_WARN_ENUM_CONVERSION = YES;
				CLANG_WARN_INT_CONVERSION = YES;
				CLANG_WARN_OBJC_ROOT_CLASS = YES_ERROR;
				CLANG_WARN_UNREACHABLE_CODE = YES;
				CLANG_WARN__DUPLICATE_METHOD_MATCH = YES;
				"CODE_SIGN_IDENTITY[sdk=iphoneos*]" = "iPhone Developer";
				COPY_PHASE_STRIP = NO;
				CURRENT_PROJECT_VERSION = 1;
				DEBUG_INFORMATION_FORMAT = "dwarf-with-dsym";
				ENABLE_NS_ASSERTIONS = NO;
				ENABLE_STRICT_OBJC_MSGSEND = YES;
				GCC_C_LANGUAGE_STANDARD = gnu99;
				GCC_NO_COMMON_BLOCKS = YES;
				GCC_WARN_64_TO_32_BIT_CONVERSION = YES;
				GCC_WARN_ABOUT_RETURN_TYPE = YES_ERROR;
				GCC_WARN_UNDECLARED_SELECTOR = YES;
				GCC_WARN_UNINITIALIZED_AUTOS = YES_AGGRESSIVE;
				GCC_WARN_UNUSED_FUNCTION = YES;
				GCC_WARN_UNUSED_VARIABLE = YES;
				IPHONEOS_DEPLOYMENT_TARGET = 8.0;
				MTL_ENABLE_DEBUG_INFO = NO;
				SDKROOT = iphoneos;
				TARGETED_DEVICE_FAMILY = "1,2";
				VALIDATE_PRODUCT = YES;
				VERSIONING_SYSTEM = "apple-generic";
				VERSION_INFO_PREFIX = "";
			};
			name = Release;
		};
		8476614D1C36082D00696B04 /* Debug */ = {
			isa = XCBuildConfiguration;
			buildSettings = {
				CLANG_ENABLE_MODULES = YES;
				DEFINES_MODULE = YES;
				DYLIB_COMPATIBILITY_VERSION = 1;
				DYLIB_CURRENT_VERSION = 1;
				DYLIB_INSTALL_NAME_BASE = "@rpath";
				INFOPLIST_FILE = Grift/Info.plist;
				INSTALL_PATH = "$(LOCAL_LIBRARY_DIR)/Frameworks";
				LD_RUNPATH_SEARCH_PATHS = "$(inherited) @executable_path/Frameworks @loader_path/Frameworks";
				PRODUCT_BUNDLE_IDENTIFIER = "com.lichen-labs.Grift";
				PRODUCT_NAME = "$(TARGET_NAME)";
				SKIP_INSTALL = YES;
				SWIFT_OPTIMIZATION_LEVEL = "-Onone";
			};
			name = Debug;
		};
		8476614E1C36082D00696B04 /* Release */ = {
			isa = XCBuildConfiguration;
			buildSettings = {
				CLANG_ENABLE_MODULES = YES;
				DEFINES_MODULE = YES;
				DYLIB_COMPATIBILITY_VERSION = 1;
				DYLIB_CURRENT_VERSION = 1;
				DYLIB_INSTALL_NAME_BASE = "@rpath";
				INFOPLIST_FILE = Grift/Info.plist;
				INSTALL_PATH = "$(LOCAL_LIBRARY_DIR)/Frameworks";
				LD_RUNPATH_SEARCH_PATHS = "$(inherited) @executable_path/Frameworks @loader_path/Frameworks";
				PRODUCT_BUNDLE_IDENTIFIER = "com.lichen-labs.Grift";
				PRODUCT_NAME = "$(TARGET_NAME)";
				SKIP_INSTALL = YES;
			};
			name = Release;
		};
		847661501C36082D00696B04 /* Debug */ = {
			isa = XCBuildConfiguration;
			buildSettings = {
				INFOPLIST_FILE = GriftTests/Info.plist;
				LD_RUNPATH_SEARCH_PATHS = "$(inherited) @executable_path/Frameworks @loader_path/Frameworks";
				PRODUCT_BUNDLE_IDENTIFIER = "com.lichen-labs.GriftTests";
				PRODUCT_NAME = "$(TARGET_NAME)";
				TEST_HOST = "$(BUILT_PRODUCTS_DIR)/Filch.app/Filch";
			};
			name = Debug;
		};
		847661511C36082D00696B04 /* Release */ = {
			isa = XCBuildConfiguration;
			buildSettings = {
				INFOPLIST_FILE = GriftTests/Info.plist;
				LD_RUNPATH_SEARCH_PATHS = "$(inherited) @executable_path/Frameworks @loader_path/Frameworks";
				PRODUCT_BUNDLE_IDENTIFIER = "com.lichen-labs.GriftTests";
				PRODUCT_NAME = "$(TARGET_NAME)";
				TEST_HOST = "$(BUILT_PRODUCTS_DIR)/Filch.app/Filch";
			};
			name = Release;
		};
		847661791C3609D800696B04 /* Debug */ = {
			isa = XCBuildConfiguration;
			buildSettings = {
				ASSETCATALOG_COMPILER_APPICON_NAME = AppIcon;
				INFOPLIST_FILE = Filch/Info.plist;
				LD_RUNPATH_SEARCH_PATHS = "$(inherited) @executable_path/Frameworks";
				PRODUCT_BUNDLE_IDENTIFIER = "com.lichen-labs.Filch";
				PRODUCT_NAME = "$(TARGET_NAME)";
			};
			name = Debug;
		};
		8476617A1C3609D800696B04 /* Release */ = {
			isa = XCBuildConfiguration;
			buildSettings = {
				ASSETCATALOG_COMPILER_APPICON_NAME = AppIcon;
				INFOPLIST_FILE = Filch/Info.plist;
				LD_RUNPATH_SEARCH_PATHS = "$(inherited) @executable_path/Frameworks";
				PRODUCT_BUNDLE_IDENTIFIER = "com.lichen-labs.Filch";
				PRODUCT_NAME = "$(TARGET_NAME)";
			};
			name = Release;
		};
/* End XCBuildConfiguration section */

/* Begin XCConfigurationList section */
		847661321C36082D00696B04 /* Build configuration list for PBXProject "Grift" */ = {
			isa = XCConfigurationList;
			buildConfigurations = (
				8476614A1C36082D00696B04 /* Debug */,
				8476614B1C36082D00696B04 /* Release */,
			);
			defaultConfigurationIsVisible = 0;
			defaultConfigurationName = Release;
		};
		8476614C1C36082D00696B04 /* Build configuration list for PBXNativeTarget "Grift" */ = {
			isa = XCConfigurationList;
			buildConfigurations = (
				8476614D1C36082D00696B04 /* Debug */,
				8476614E1C36082D00696B04 /* Release */,
			);
			defaultConfigurationIsVisible = 0;
			defaultConfigurationName = Release;
		};
		8476614F1C36082D00696B04 /* Build configuration list for PBXNativeTarget "GriftTests" */ = {
			isa = XCConfigurationList;
			buildConfigurations = (
				847661501C36082D00696B04 /* Debug */,
				847661511C36082D00696B04 /* Release */,
			);
			defaultConfigurationIsVisible = 0;
			defaultConfigurationName = Release;
		};
		847661781C3609D800696B04 /* Build configuration list for PBXNativeTarget "Filch" */ = {
			isa = XCConfigurationList;
			buildConfigurations = (
				847661791C3609D800696B04 /* Debug */,
				8476617A1C3609D800696B04 /* Release */,
			);
			defaultConfigurationIsVisible = 0;
			defaultConfigurationName = Release;
		};
/* End XCConfigurationList section */
	};
	rootObject = 8476612F1C36082D00696B04 /* Project object */;
}
